
Microsoft Visual Studio Solution File, Format Version 12.00
# Visual Studio 15
VisualStudioVersion = 15.0.27703.2042
MinimumVisualStudioVersion = 10.0.40219.1
Project("{FAE04EC0-301F-11D3-BF4B-00C04F79EFBC}") = "BethanysPieShop", "BethanysPieShop\BethanysPieShop.csproj", "{49FF6A92-4D67-4730-A288-7CE5E06149B6}"
EndProject
Global
	GlobalSection(SolutionConfigurationPlatforms) = preSolution
		Debug|Any CPU = Debug|Any CPU
		Release|Any CPU = Release|Any CPU
	EndGlobalSection
	GlobalSection(ProjectConfigurationPlatforms) = postSolution
		{49FF6A92-4D67-4730-A288-7CE5E06149B6}.Debug|Any CPU.ActiveCfg = Debug|Any CPU
		{49FF6A92-4D67-4730-A288-7CE5E06149B6}.Debug|Any CPU.Build.0 = Debug|Any CPU
		{49FF6A92-4D67-4730-A288-7CE5E06149B6}.Release|Any CPU.ActiveCfg = Release|Any CPU
		{49FF6A92-4D67-4730-A288-7CE5E06149B6}.Release|Any CPU.Build.0 = Release|Any CPU
	EndGlobalSection
	GlobalSection(SolutionProperties) = preSolution
		HideSolutionNode = FALSE
	EndGlobalSection
	GlobalSection(ExtensibilityGlobals) = postSolution
		SolutionGuid = {F0618A27-42E2-45FA-8E9C-D305EF67263E}
	EndGlobalSection
EndGlobal
